
Microsoft Visual Studio Solution File, Format Version 12.00
# Visual Studio Version 17
VisualStudioVersion = 17.7.34031.279
MinimumVisualStudioVersion = 10.0.40219.1
Project("{FAE04EC0-301F-11D3-BF4B-00C04F79EFBC}") = "Hello", "Hello\Hello.csproj", "{D86BF7BF-FB46-4EA8-A9D4-B8ADF2B4FC38}"
EndProject
Global
	GlobalSection(SolutionConfigurationPlatforms) = preSolution
		Debug|Any CPU = Debug|Any CPU
		Release|Any CPU = Release|Any CPU
	EndGlobalSection
	GlobalSection(ProjectConfigurationPlatforms) = postSolution
		{D86BF7BF-FB46-4EA8-A9D4-B8ADF2B4FC38}.Debug|Any CPU.ActiveCfg = Debug|Any CPU
		{D86BF7BF-FB46-4EA8-A9D4-B8ADF2B4FC38}.Debug|Any CPU.Build.0 = Debug|Any CPU
		{D86BF7BF-FB46-4EA8-A9D4-B8ADF2B4FC38}.Release|Any CPU.ActiveCfg = Release|Any CPU
		{D86BF7BF-FB46-4EA8-A9D4-B8ADF2B4FC38}.Release|Any CPU.Build.0 = Release|Any CPU
	EndGlobalSection
	GlobalSection(SolutionProperties) = preSolution
		HideSolutionNode = FALSE
	EndGlobalSection
	GlobalSection(ExtensibilityGlobals) = postSolution
		SolutionGuid = {E7BB601D-B3B4-4911-BE44-98BE24765578}
	EndGlobalSection
EndGlobal
